
Microsoft Visual Studio Solution File, Format Version 12.00
# Visual Studio 15
VisualStudioVersion = 15.0.27703.2035
MinimumVisualStudioVersion = 10.0.40219.1
Project("{FAE04EC0-301F-11D3-BF4B-00C04F79EFBC}") = "SICAI.UI", "SICAI\SICAI.UI.csproj", "{CA49AED5-A9E1-4292-9744-ECE69C40CFB6}"
EndProject
Project("{FAE04EC0-301F-11D3-BF4B-00C04F79EFBC}") = "SICAI.DAL", "SICAI.DAL\SICAI.DAL.csproj", "{2C45C48A-A3D1-45CC-825D-BE9665E0764A}"
EndProject
Project("{FAE04EC0-301F-11D3-BF4B-00C04F79EFBC}") = "SICAI.BLL", "SICAI.BLL\SICAI.BLL.csproj", "{64B668BC-B42E-43F7-93D0-B2E5BD5930D5}"
EndProject
Project("{FAE04EC0-301F-11D3-BF4B-00C04F79EFBC}") = "SICAI.DATA", "SICAI.DATA\SICAI.DATA.csproj", "{3CEB8D1B-22C5-4921-B9F6-676633A1D864}"
EndProject
Global
	GlobalSection(SolutionConfigurationPlatforms) = preSolution
		Debug|Any CPU = Debug|Any CPU
		Release|Any CPU = Release|Any CPU
	EndGlobalSection
	GlobalSection(ProjectConfigurationPlatforms) = postSolution
		{CA49AED5-A9E1-4292-9744-ECE69C40CFB6}.Debug|Any CPU.ActiveCfg = Debug|Any CPU
		{CA49AED5-A9E1-4292-9744-ECE69C40CFB6}.Debug|Any CPU.Build.0 = Debug|Any CPU
		{CA49AED5-A9E1-4292-9744-ECE69C40CFB6}.Release|Any CPU.ActiveCfg = Release|Any CPU
		{CA49AED5-A9E1-4292-9744-ECE69C40CFB6}.Release|Any CPU.Build.0 = Release|Any CPU
		{2C45C48A-A3D1-45CC-825D-BE9665E0764A}.Debug|Any CPU.ActiveCfg = Debug|Any CPU
		{2C45C48A-A3D1-45CC-825D-BE9665E0764A}.Debug|Any CPU.Build.0 = Debug|Any CPU
		{2C45C48A-A3D1-45CC-825D-BE9665E0764A}.Release|Any CPU.ActiveCfg = Release|Any CPU
		{2C45C48A-A3D1-45CC-825D-BE9665E0764A}.Release|Any CPU.Build.0 = Release|Any CPU
		{64B668BC-B42E-43F7-93D0-B2E5BD5930D5}.Debug|Any CPU.ActiveCfg = Debug|Any CPU
		{64B668BC-B42E-43F7-93D0-B2E5BD5930D5}.Debug|Any CPU.Build.0 = Debug|Any CPU
		{64B668BC-B42E-43F7-93D0-B2E5BD5930D5}.Release|Any CPU.ActiveCfg = Release|Any CPU
		{64B668BC-B42E-43F7-93D0-B2E5BD5930D5}.Release|Any CPU.Build.0 = Release|Any CPU
		{3CEB8D1B-22C5-4921-B9F6-676633A1D864}.Debug|Any CPU.ActiveCfg = Debug|Any CPU
		{3CEB8D1B-22C5-4921-B9F6-676633A1D864}.Debug|Any CPU.Build.0 = Debug|Any CPU
		{3CEB8D1B-22C5-4921-B9F6-676633A1D864}.Release|Any CPU.ActiveCfg = Release|Any CPU
		{3CEB8D1B-22C5-4921-B9F6-676633A1D864}.Release|Any CPU.Build.0 = Release|Any CPU
	EndGlobalSection
	GlobalSection(SolutionProperties) = preSolution
		HideSolutionNode = FALSE
	EndGlobalSection
	GlobalSection(ExtensibilityGlobals) = postSolution
		SolutionGuid = {D51ADF68-7091-4ADF-9DE4-6ACF4D8390D4}
	EndGlobalSection
EndGlobal
